<?xml version="1.0" encoding="UTF-8" standalone="yes" ?>
<CodeBlocks_project_file>
	<FileVersion major="1" minor="6" />
	<Project>
		<Option title="quiz_city" />
		<Option pch_mode="2" />
		<Option compiler="gcc" />
		<Build>
			<Target title="Debug">
				<Option output="bin/Debug/quiz_city" prefix_auto="1" extension_auto="1" />
				<Option object_output="obj/Debug/" />
				<Option type="1" />
				<Option compiler="gcc" />
				<Compiler>
					<Add option="-g" />
				</Compiler>
			</Target>
			<Target title="Release">
				<Option output="bin/Release/quiz_city" prefix_auto="1" extension_auto="1" />
				<Option object_output="obj/Release/" />
				<Option type="1" />
				<Option compiler="gcc" />
				<Compiler>
					<Add option="-O2" />
				</Compiler>
				<Linker>
					<Add option="-s" />
				</Linker>
			</Target>
		</Build>
		<Compiler>
			<Add option="-Wall" />
			<Add directory="../DEV C++/include" />
		</Compiler>
		<Linker>
			<Add library="..\DEV C++\lib\allegro_acodec-5.0.10-md.lib" />
			<Add library="..\DEV C++\lib\allegro_acodec-5.0.10-md-debug.lib" />
			<Add library="..\DEV C++\lib\allegro_acodec-5.0.10-mt.lib" />
			<Add library="..\DEV C++\lib\allegro_acodec-5.0.10-mt-debug.lib" />
			<Add library="..\DEV C++\lib\allegro_acodec-5.0.10-static-md.lib" />
			<Add library="..\DEV C++\lib\allegro_acodec-5.0.10-static-md-debug.lib" />
			<Add library="..\DEV C++\lib\allegro_acodec-5.0.10-static-mt.lib" />
			<Add library="..\DEV C++\lib\allegro_acodec-5.0.10-static-mt-debug.lib" />
			<Add library="..\DEV C++\lib\allegro_audio-5.0.10-md.lib" />
			<Add library="..\DEV C++\lib\allegro_audio-5.0.10-md-debug.lib" />
			<Add library="..\DEV C++\lib\allegro_audio-5.0.10-mt.lib" />
			<Add library="..\DEV C++\lib\allegro_audio-5.0.10-mt-debug.lib" />
			<Add library="..\DEV C++\lib\allegro_audio-5.0.10-static-md.lib" />
			<Add library="..\DEV C++\lib\allegro_audio-5.0.10-static-md-debug.lib" />
			<Add library="..\DEV C++\lib\allegro_audio-5.0.10-static-mt.lib" />
			<Add library="..\DEV C++\lib\allegro_audio-5.0.10-static-mt-debug.lib" />
			<Add library="..\DEV C++\lib\allegro_color-5.0.10-md.lib" />
			<Add library="..\DEV C++\lib\allegro_color-5.0.10-md-debug.lib" />
			<Add library="..\DEV C++\lib\allegro_color-5.0.10-mt.lib" />
			<Add library="..\DEV C++\lib\allegro_color-5.0.10-mt-debug.lib" />
			<Add library="..\DEV C++\lib\allegro_color-5.0.10-static-md.lib" />
			<Add library="..\DEV C++\lib\allegro_color-5.0.10-static-md-debug.lib" />
			<Add library="..\DEV C++\lib\allegro_color-5.0.10-static-mt.lib" />
			<Add library="..\DEV C++\lib\allegro_color-5.0.10-static-mt-debug.lib" />
			<Add library="..\DEV C++\lib\allegro_dialog-5.0.10-md.lib" />
			<Add library="..\DEV C++\lib\allegro_dialog-5.0.10-md-debug.lib" />
			<Add library="..\DEV C++\lib\allegro_dialog-5.0.10-mt.lib" />
			<Add library="..\DEV C++\lib\allegro_dialog-5.0.10-mt-debug.lib" />
			<Add library="..\DEV C++\lib\allegro_dialog-5.0.10-static-md.lib" />
			<Add library="..\DEV C++\lib\allegro_dialog-5.0.10-static-md-debug.lib" />
			<Add library="..\DEV C++\lib\allegro_dialog-5.0.10-static-mt.lib" />
			<Add library="..\DEV C++\lib\allegro_dialog-5.0.10-static-mt-debug.lib" />
			<Add library="..\DEV C++\lib\allegro_font-5.0.10-md.lib" />
			<Add library="..\DEV C++\lib\allegro_font-5.0.10-md-debug.lib" />
			<Add library="..\DEV C++\lib\allegro_font-5.0.10-mt.lib" />
			<Add library="..\DEV C++\lib\allegro_font-5.0.10-mt-debug.lib" />
			<Add library="..\DEV C++\lib\allegro_font-5.0.10-static-md.lib" />
			<Add library="..\DEV C++\lib\allegro_font-5.0.10-static-md-debug.lib" />
			<Add library="..\DEV C++\lib\allegro_font-5.0.10-static-mt.lib" />
			<Add library="..\DEV C++\lib\allegro_font-5.0.10-static-mt-debug.lib" />
			<Add library="..\DEV C++\lib\allegro_image-5.0.10-md.lib" />
			<Add library="..\DEV C++\lib\allegro_image-5.0.10-md-debug.lib" />
			<Add library="..\DEV C++\lib\allegro_image-5.0.10-mt.lib" />
			<Add library="..\DEV C++\lib\allegro_image-5.0.10-mt-debug.lib" />
			<Add library="..\DEV C++\lib\allegro_image-5.0.10-static-md.lib" />
			<Add library="..\DEV C++\lib\allegro_image-5.0.10-static-md-debug.lib" />
			<Add library="..\DEV C++\lib\allegro_image-5.0.10-static-mt.lib" />
			<Add library="..\DEV C++\lib\allegro_image-5.0.10-static-mt-debug.lib" />
			<Add library="..\DEV C++\lib\allegro_memfile-5.0.10-md.lib" />
			<Add library="..\DEV C++\lib\allegro_memfile-5.0.10-md-debug.lib" />
			<Add library="..\DEV C++\lib\allegro_memfile-5.0.10-mt.lib" />
			<Add library="..\DEV C++\lib\allegro_memfile-5.0.10-mt-debug.lib" />
			<Add library="..\DEV C++\lib\allegro_memfile-5.0.10-static-md.lib" />
			<Add library="..\DEV C++\lib\allegro_memfile-5.0.10-static-md-debug.lib" />
			<Add library="..\DEV C++\lib\allegro_memfile-5.0.10-static-mt.lib" />
			<Add library="..\DEV C++\lib\allegro_memfile-5.0.10-static-mt-debug.lib" />
			<Add library="..\DEV C++\lib\allegro_physfs-5.0.10-md.lib" />
			<Add library="..\DEV C++\lib\allegro_physfs-5.0.10-md-debug.lib" />
			<Add library="..\DEV C++\lib\allegro_physfs-5.0.10-mt.lib" />
			<Add library="..\DEV C++\lib\allegro_physfs-5.0.10-mt-debug.lib" />
			<Add library="..\DEV C++\lib\allegro_physfs-5.0.10-static-md.lib" />
			<Add library="..\DEV C++\lib\allegro_physfs-5.0.10-static-md-debug.lib" />
			<Add library="..\DEV C++\lib\allegro_physfs-5.0.10-static-mt.lib" />
			<Add library="..\DEV C++\lib\allegro_physfs-5.0.10-static-mt-debug.lib" />
			<Add library="..\DEV C++\lib\allegro_primitives-5.0.10-md.lib" />
			<Add library="..\DEV C++\lib\allegro_primitives-5.0.10-md-debug.lib" />
			<Add library="..\DEV C++\lib\allegro_primitives-5.0.10-mt.lib" />
			<Add library="..\DEV C++\lib\allegro_primitives-5.0.10-mt-debug.lib" />
			<Add library="..\DEV C++\lib\allegro_primitives-5.0.10-static-md.lib" />
			<Add library="..\DEV C++\lib\allegro_primitives-5.0.10-static-md-debug.lib" />
			<Add library="..\DEV C++\lib\allegro_primitives-5.0.10-static-mt.lib" />
			<Add library="..\DEV C++\lib\allegro_primitives-5.0.10-static-mt-debug.lib" />
			<Add library="..\DEV C++\lib\allegro_ttf-5.0.10-md.lib" />
			<Add library="..\DEV C++\lib\allegro_ttf-5.0.10-md-debug.lib" />
			<Add library="..\DEV C++\lib\allegro_ttf-5.0.10-mt.lib" />
			<Add library="..\DEV C++\lib\allegro_ttf-5.0.10-mt-debug.lib" />
			<Add library="..\DEV C++\lib\allegro_ttf-5.0.10-static-md.lib" />
			<Add library="..\DEV C++\lib\allegro_ttf-5.0.10-static-md-debug.lib" />
			<Add library="..\DEV C++\lib\allegro_ttf-5.0.10-static-mt.lib" />
			<Add library="..\DEV C++\lib\allegro_ttf-5.0.10-static-mt-debug.lib" />
			<Add library="..\DEV C++\lib\allegro-5.0.10-md.lib" />
			<Add library="..\DEV C++\lib\allegro-5.0.10-md-debug.lib" />
			<Add library="..\DEV C++\lib\allegro-5.0.10-monolith-md.lib" />
			<Add library="..\DEV C++\lib\allegro-5.0.10-monolith-md-debug.lib" />
			<Add library="..\DEV C++\lib\allegro-5.0.10-monolith-mt.lib" />
			<Add library="..\DEV C++\lib\allegro-5.0.10-monolith-mt-debug.lib" />
			<Add library="..\DEV C++\lib\allegro-5.0.10-monolith-static-md.lib" />
			<Add library="..\DEV C++\lib\allegro-5.0.10-monolith-static-md-debug.lib" />
			<Add library="..\DEV C++\lib\allegro-5.0.10-monolith-static-mt.lib" />
			<Add library="..\DEV C++\lib\allegro-5.0.10-monolith-static-mt-debug.lib" />
			<Add library="..\DEV C++\lib\allegro-5.0.10-mt.lib" />
			<Add library="..\DEV C++\lib\allegro-5.0.10-mt-debug.lib" />
			<Add library="..\DEV C++\lib\allegro-5.0.10-static-md.lib" />
			<Add library="..\DEV C++\lib\allegro-5.0.10-static-md-debug.lib" />
			<Add library="..\DEV C++\lib\allegro-5.0.10-static-mt.lib" />
			<Add library="..\DEV C++\lib\allegro-5.0.10-static-mt-debug.lib" />
			<Add library="..\DEV C++\lib\dumb-0.9.3-static-md.lib" />
			<Add library="..\DEV C++\lib\dumb-0.9.3-static-md-debug.lib" />
			<Add library="..\DEV C++\lib\dumb-0.9.3-static-mt.lib" />
			<Add library="..\DEV C++\lib\dumb-0.9.3-static-mt-debug.lib" />
			<Add library="..\DEV C++\lib\freetype-2.4.8-static-md.lib" />
			<Add library="..\DEV C++\lib\freetype-2.4.8-static-md-debug.lib" />
			<Add library="..\DEV C++\lib\freetype-2.4.8-static-mt.lib" />
			<Add library="..\DEV C++\lib\freetype-2.4.8-static-mt-debug.lib" />
			<Add library="..\DEV C++\lib\liballegro_acodec-5.0.10-md.a" />
			<Add library="..\DEV C++\lib\liballegro_acodec-5.0.10-md-debug.a" />
			<Add library="..\DEV C++\lib\liballegro_acodec-5.0.10-mt.a" />
			<Add library="..\DEV C++\lib\liballegro_acodec-5.0.10-mt-debug.a" />
			<Add library="..\DEV C++\lib\liballegro_acodec-5.0.10-static-md.a" />
			<Add library="..\DEV C++\lib\liballegro_acodec-5.0.10-static-md-debug.a" />
			<Add library="..\DEV C++\lib\liballegro_acodec-5.0.10-static-mt.a" />
			<Add library="..\DEV C++\lib\liballegro_acodec-5.0.10-static-mt-debug.a" />
			<Add library="..\DEV C++\lib\liballegro_audio-5.0.10-md.a" />
			<Add library="..\DEV C++\lib\liballegro_audio-5.0.10-md-debug.a" />
			<Add library="..\DEV C++\lib\liballegro_audio-5.0.10-mt.a" />
			<Add library="..\DEV C++\lib\liballegro_audio-5.0.10-mt-debug.a" />
			<Add library="..\DEV C++\lib\liballegro_audio-5.0.10-static-md.a" />
			<Add library="..\DEV C++\lib\liballegro_audio-5.0.10-static-md-debug.a" />
			<Add library="..\DEV C++\lib\liballegro_audio-5.0.10-static-mt.a" />
			<Add library="..\DEV C++\lib\liballegro_audio-5.0.10-static-mt-debug.a" />
			<Add library="..\DEV C++\lib\liballegro_color-5.0.10-md.a" />
			<Add library="..\DEV C++\lib\liballegro_color-5.0.10-md-debug.a" />
			<Add library="..\DEV C++\lib\liballegro_color-5.0.10-mt.a" />
			<Add library="..\DEV C++\lib\liballegro_color-5.0.10-mt-debug.a" />
			<Add library="..\DEV C++\lib\liballegro_color-5.0.10-static-md.a" />
			<Add library="..\DEV C++\lib\liballegro_color-5.0.10-static-md-debug.a" />
			<Add library="..\DEV C++\lib\liballegro_color-5.0.10-static-mt.a" />
			<Add library="..\DEV C++\lib\liballegro_color-5.0.10-static-mt-debug.a" />
			<Add library="..\DEV C++\lib\liballegro_dialog-5.0.10-md.a" />
			<Add library="..\DEV C++\lib\liballegro_dialog-5.0.10-md-debug.a" />
			<Add library="..\DEV C++\lib\liballegro_dialog-5.0.10-mt.a" />
			<Add library="..\DEV C++\lib\liballegro_dialog-5.0.10-mt-debug.a" />
			<Add library="..\DEV C++\lib\liballegro_dialog-5.0.10-static-md.a" />
			<Add library="..\DEV C++\lib\liballegro_dialog-5.0.10-static-md-debug.a" />
			<Add library="..\DEV C++\lib\liballegro_dialog-5.0.10-static-mt.a" />
			<Add library="..\DEV C++\lib\liballegro_dialog-5.0.10-static-mt-debug.a" />
			<Add library="..\DEV C++\lib\liballegro_font-5.0.10-md.a" />
			<Add library="..\DEV C++\lib\liballegro_font-5.0.10-md-debug.a" />
			<Add library="..\DEV C++\lib\liballegro_font-5.0.10-mt.a" />
			<Add library="..\DEV C++\lib\liballegro_font-5.0.10-mt-debug.a" />
			<Add library="..\DEV C++\lib\liballegro_font-5.0.10-static-md.a" />
			<Add library="..\DEV C++\lib\liballegro_font-5.0.10-static-md-debug.a" />
			<Add library="..\DEV C++\lib\liballegro_font-5.0.10-static-mt.a" />
			<Add library="..\DEV C++\lib\liballegro_font-5.0.10-static-mt-debug.a" />
			<Add library="..\DEV C++\lib\liballegro_image-5.0.10-md.a" />
			<Add library="..\DEV C++\lib\liballegro_image-5.0.10-md-debug.a" />
			<Add library="..\DEV C++\lib\liballegro_image-5.0.10-mt.a" />
			<Add library="..\DEV C++\lib\liballegro_image-5.0.10-mt-debug.a" />
			<Add library="..\DEV C++\lib\liballegro_image-5.0.10-static-md.a" />
			<Add library="..\DEV C++\lib\liballegro_image-5.0.10-static-md-debug.a" />
			<Add library="..\DEV C++\lib\liballegro_image-5.0.10-static-mt.a" />
			<Add library="..\DEV C++\lib\liballegro_image-5.0.10-static-mt-debug.a" />
			<Add library="..\DEV C++\lib\liballegro_memfile-5.0.10-md.a" />
			<Add library="..\DEV C++\lib\liballegro_memfile-5.0.10-md-debug.a" />
			<Add library="..\DEV C++\lib\liballegro_memfile-5.0.10-mt.a" />
			<Add library="..\DEV C++\lib\liballegro_memfile-5.0.10-mt-debug.a" />
			<Add library="..\DEV C++\lib\liballegro_memfile-5.0.10-static-md.a" />
			<Add library="..\DEV C++\lib\liballegro_memfile-5.0.10-static-md-debug.a" />
			<Add library="..\DEV C++\lib\liballegro_memfile-5.0.10-static-mt.a" />
			<Add library="..\DEV C++\lib\liballegro_memfile-5.0.10-static-mt-debug.a" />
			<Add library="..\DEV C++\lib\liballegro_physfs-5.0.10-md.a" />
			<Add library="..\DEV C++\lib\liballegro_physfs-5.0.10-md-debug.a" />
			<Add library="..\DEV C++\lib\liballegro_physfs-5.0.10-mt.a" />
			<Add library="..\DEV C++\lib\liballegro_physfs-5.0.10-mt-debug.a" />
			<Add library="..\DEV C++\lib\liballegro_physfs-5.0.10-static-md.a" />
			<Add library="..\DEV C++\lib\liballegro_physfs-5.0.10-static-md-debug.a" />
			<Add library="..\DEV C++\lib\liballegro_physfs-5.0.10-static-mt.a" />
			<Add library="..\DEV C++\lib\liballegro_physfs-5.0.10-static-mt-debug.a" />
			<Add library="..\DEV C++\lib\liballegro_primitives-5.0.10-md.a" />
			<Add library="..\DEV C++\lib\liballegro_primitives-5.0.10-md-debug.a" />
			<Add library="..\DEV C++\lib\liballegro_primitives-5.0.10-mt.a" />
			<Add library="..\DEV C++\lib\liballegro_primitives-5.0.10-mt-debug.a" />
			<Add library="..\DEV C++\lib\liballegro_primitives-5.0.10-static-md.a" />
			<Add library="..\DEV C++\lib\liballegro_primitives-5.0.10-static-md-debug.a" />
			<Add library="..\DEV C++\lib\liballegro_primitives-5.0.10-static-mt.a" />
			<Add library="..\DEV C++\lib\liballegro_primitives-5.0.10-static-mt-debug.a" />
			<Add library="..\DEV C++\lib\liballegro_ttf-5.0.10-md.a" />
			<Add library="..\DEV C++\lib\liballegro_ttf-5.0.10-md-debug.a" />
			<Add library="..\DEV C++\lib\liballegro_ttf-5.0.10-mt.a" />
			<Add library="..\DEV C++\lib\liballegro_ttf-5.0.10-mt-debug.a" />
			<Add library="..\DEV C++\lib\liballegro_ttf-5.0.10-static-md.a" />
			<Add library="..\DEV C++\lib\liballegro_ttf-5.0.10-static-md-debug.a" />
			<Add library="..\DEV C++\lib\liballegro_ttf-5.0.10-static-mt.a" />
			<Add library="..\DEV C++\lib\liballegro_ttf-5.0.10-static-mt-debug.a" />
			<Add library="..\DEV C++\lib\liballegro-5.0.10-md.a" />
			<Add library="..\DEV C++\lib\liballegro-5.0.10-md-debug.a" />
			<Add library="..\DEV C++\lib\liballegro-5.0.10-monolith-md.a" />
			<Add library="..\DEV C++\lib\liballegro-5.0.10-monolith-md-debug.a" />
			<Add library="..\DEV C++\lib\liballegro-5.0.10-monolith-mt.a" />
			<Add library="..\DEV C++\lib\liballegro-5.0.10-monolith-mt-debug.a" />
			<Add library="..\DEV C++\lib\liballegro-5.0.10-monolith-static-md.a" />
			<Add library="..\DEV C++\lib\liballegro-5.0.10-monolith-static-md-debug.a" />
			<Add library="..\DEV C++\lib\liballegro-5.0.10-monolith-static-mt.a" />
			<Add library="..\DEV C++\lib\liballegro-5.0.10-monolith-static-mt-debug.a" />
			<Add library="..\DEV C++\lib\liballegro-5.0.10-mt.a" />
			<Add library="..\DEV C++\lib\liballegro-5.0.10-mt-debug.a" />
			<Add library="..\DEV C++\lib\liballegro-5.0.10-static-md.a" />
			<Add library="..\DEV C++\lib\liballegro-5.0.10-static-md-debug.a" />
			<Add library="..\DEV C++\lib\liballegro-5.0.10-static-mt.a" />
			<Add library="..\DEV C++\lib\liballegro-5.0.10-static-mt-debug.a" />
			<Add library="..\DEV C++\lib\libdumb-0.9.3-static-md.a" />
			<Add library="..\DEV C++\lib\libdumb-0.9.3-static-md-debug.a" />
			<Add library="..\DEV C++\lib\libdumb-0.9.3-static-mt.a" />
			<Add library="..\DEV C++\lib\libdumb-0.9.3-static-mt-debug.a" />
			<Add library="..\DEV C++\lib\libFLAC-1.2.1-static-md.a" />
			<Add library="..\DEV C++\lib\libFLAC-1.2.1-static-md.lib" />
			<Add library="..\DEV C++\lib\libFLAC-1.2.1-static-md-debug.a" />
			<Add library="..\DEV C++\lib\libFLAC-1.2.1-static-md-debug.lib" />
			<Add library="..\DEV C++\lib\libFLAC-1.2.1-static-mt.a" />
			<Add library="..\DEV C++\lib\libFLAC-1.2.1-static-mt.lib" />
			<Add library="..\DEV C++\lib\libFLAC-1.2.1-static-mt-debug.a" />
			<Add library="..\DEV C++\lib\libFLAC-1.2.1-static-mt-debug.lib" />
			<Add library="..\DEV C++\lib\libfreetype-2.4.8-static-md.a" />
			<Add library="..\DEV C++\lib\libfreetype-2.4.8-static-md-debug.a" />
			<Add library="..\DEV C++\lib\libfreetype-2.4.8-static-mt.a" />
			<Add library="..\DEV C++\lib\libfreetype-2.4.8-static-mt-debug.a" />
			<Add library="..\DEV C++\lib\libogg-1.2.1-static-md.a" />
			<Add library="..\DEV C++\lib\libogg-1.2.1-static-md.lib" />
			<Add library="..\DEV C++\lib\libogg-1.2.1-static-md-debug.a" />
			<Add library="..\DEV C++\lib\libogg-1.2.1-static-md-debug.lib" />
			<Add library="..\DEV C++\lib\libogg-1.2.1-static-mt.a" />
			<Add library="..\DEV C++\lib\libogg-1.2.1-static-mt.lib" />
			<Add library="..\DEV C++\lib\libogg-1.2.1-static-mt-debug.a" />
			<Add library="..\DEV C++\lib\libogg-1.2.1-static-mt-debug.lib" />
			<Add library="..\DEV C++\lib\libopenal-1.14-static-md.a" />
			<Add library="..\DEV C++\lib\libopenal-1.14-static-md-debug.a" />
			<Add library="..\DEV C++\lib\libopenal-1.14-static-mt.a" />
			<Add library="..\DEV C++\lib\libopenal-1.14-static-mt-debug.a" />
			<Add library="..\DEV C++\lib\libvorbis-1.3.2-static-md.a" />
			<Add library="..\DEV C++\lib\libvorbis-1.3.2-static-md.lib" />
			<Add library="..\DEV C++\lib\libvorbis-1.3.2-static-md-debug.a" />
			<Add library="..\DEV C++\lib\libvorbis-1.3.2-static-md-debug.lib" />
			<Add library="..\DEV C++\lib\libvorbis-1.3.2-static-mt.a" />
			<Add library="..\DEV C++\lib\libvorbis-1.3.2-static-mt.lib" />
			<Add library="..\DEV C++\lib\libvorbis-1.3.2-static-mt-debug.a" />
			<Add library="..\DEV C++\lib\libvorbis-1.3.2-static-mt-debug.lib" />
			<Add library="..\DEV C++\lib\libvorbisfile-1.3.2-static-md.a" />
			<Add library="..\DEV C++\lib\libvorbisfile-1.3.2-static-md.lib" />
			<Add library="..\DEV C++\lib\libvorbisfile-1.3.2-static-md-debug.a" />
			<Add library="..\DEV C++\lib\libvorbisfile-1.3.2-static-md-debug.lib" />
			<Add library="..\DEV C++\lib\libvorbisfile-1.3.2-static-mt.a" />
			<Add library="..\DEV C++\lib\libvorbisfile-1.3.2-static-mt.lib" />
			<Add library="..\DEV C++\lib\libvorbisfile-1.3.2-static-mt-debug.a" />
			<Add library="..\DEV C++\lib\libvorbisfile-1.3.2-static-mt-debug.lib" />
			<Add library="..\DEV C++\lib\libzlib-1.2.5-static-md.a" />
			<Add library="..\DEV C++\lib\libzlib-1.2.5-static-md-debug.a" />
			<Add library="..\DEV C++\lib\libzlib-1.2.5-static-mt.a" />
			<Add library="..\DEV C++\lib\libzlib-1.2.5-static-mt-debug.a" />
			<Add library="..\DEV C++\lib\openal-1.14-static-md.lib" />
			<Add library="..\DEV C++\lib\openal-1.14-static-md-debug.lib" />
			<Add library="..\DEV C++\lib\openal-1.14-static-mt.lib" />
			<Add library="..\DEV C++\lib\openal-1.14-static-mt-debug.lib" />
			<Add library="..\DEV C++\lib\zlib-1.2.5-static-md.lib" />
			<Add library="..\DEV C++\lib\zlib-1.2.5-static-md-debug.lib" />
			<Add library="..\DEV C++\lib\zlib-1.2.5-static-mt.lib" />
			<Add library="..\DEV C++\lib\zlib-1.2.5-static-mt-debug.lib" />
			<Add directory="../DEV C++/lib" />
		</Linker>
		<Unit filename="main.cpp" />
		<Unit filename="variables.h" />
		<Extensions>
			<code_completion />
			<envvars />
			<debugger />
		</Extensions>
	</Project>
</CodeBlocks_project_file>
